dependencies:
- name: kafka
  repository: https://charts.bitnami.com/bitnami
  version: 31.3.1
- name: etcd
  repository: https://charts.bitnami.com/bitnami
  version: 10.2.2
- name: mailpit
  repository: https://jouve.github.io/charts/
  version: 0.34.1
digest: sha256:c06c2bbe946f0cb6e30e361268b03bbec9e515e5e3a96564e30be0bea3e34958
generated: "2026-09-07T21:58:26.603131+01:00"
